
Microsoft Visual Studio Solution File, Format Version 12.00
# Visual Studio Version 16
VisualStudioVersion = 16.0.29411.138
MinimumVisualStudioVersion = 10.0.40219.1
Project("{9A19103F-16F7-4668-BE54-9A1E7A4F7556}") = "StaticToBlazorPart6", "StaticToBlazorPart6\StaticToBlazorPart6.csproj", "{3C79FD53-756F-42E3-9D64-DB079C1F0AF6}"
EndProject
Project("{9A19103F-16F7-4668-BE54-9A1E7A4F7556}") = "DevExpress.Blazor.AnchorUtils", "DevExpress.Blazor.AnchorUtils\DevExpress.Blazor.AnchorUtils.csproj", "{3C587331-E313-4694-9F1F-B6B64D30536A}"
EndProject
Project("{9A19103F-16F7-4668-BE54-9A1E7A4F7556}") = "Blazored.Toast", "Blazored.Toast\Blazored.Toast.csproj", "{A7184048-EF86-42A3-8608-5A99EAB04495}"
EndProject
Project("{9A19103F-16F7-4668-BE54-9A1E7A4F7556}") = "Blazored.Modal", "Blazored.Modal\Blazored.Modal.csproj", "{BE2ACD07-D536-4241-A418-1B32C447BA25}"
EndProject
Global
	GlobalSection(SolutionConfigurationPlatforms) = preSolution
		Debug|Any CPU = Debug|Any CPU
		Release|Any CPU = Release|Any CPU
	EndGlobalSection
	GlobalSection(ProjectConfigurationPlatforms) = postSolution
		{3C79FD53-756F-42E3-9D64-DB079C1F0AF6}.Debug|Any CPU.ActiveCfg = Debug|Any CPU
		{3C79FD53-756F-42E3-9D64-DB079C1F0AF6}.Debug|Any CPU.Build.0 = Debug|Any CPU
		{3C79FD53-756F-42E3-9D64-DB079C1F0AF6}.Release|Any CPU.ActiveCfg = Release|Any CPU
		{3C79FD53-756F-42E3-9D64-DB079C1F0AF6}.Release|Any CPU.Build.0 = Release|Any CPU
		{3C587331-E313-4694-9F1F-B6B64D30536A}.Debug|Any CPU.ActiveCfg = Debug|Any CPU
		{3C587331-E313-4694-9F1F-B6B64D30536A}.Debug|Any CPU.Build.0 = Debug|Any CPU
		{3C587331-E313-4694-9F1F-B6B64D30536A}.Release|Any CPU.ActiveCfg = Release|Any CPU
		{3C587331-E313-4694-9F1F-B6B64D30536A}.Release|Any CPU.Build.0 = Release|Any CPU
		{A7184048-EF86-42A3-8608-5A99EAB04495}.Debug|Any CPU.ActiveCfg = Debug|Any CPU
		{A7184048-EF86-42A3-8608-5A99EAB04495}.Debug|Any CPU.Build.0 = Debug|Any CPU
		{A7184048-EF86-42A3-8608-5A99EAB04495}.Release|Any CPU.ActiveCfg = Release|Any CPU
		{A7184048-EF86-42A3-8608-5A99EAB04495}.Release|Any CPU.Build.0 = Release|Any CPU
		{BE2ACD07-D536-4241-A418-1B32C447BA25}.Debug|Any CPU.ActiveCfg = Debug|Any CPU
		{BE2ACD07-D536-4241-A418-1B32C447BA25}.Debug|Any CPU.Build.0 = Debug|Any CPU
		{BE2ACD07-D536-4241-A418-1B32C447BA25}.Release|Any CPU.ActiveCfg = Release|Any CPU
		{BE2ACD07-D536-4241-A418-1B32C447BA25}.Release|Any CPU.Build.0 = Release|Any CPU
	EndGlobalSection
	GlobalSection(SolutionProperties) = preSolution
		HideSolutionNode = FALSE
	EndGlobalSection
	GlobalSection(ExtensibilityGlobals) = postSolution
		SolutionGuid = {91F10496-5FA2-460C-B5F4-8A2DAF28C441}
	EndGlobalSection
EndGlobal
